# This file is generated by running "yarn install" inside your project.
# Manual changes might be lost - proceed with caution!

__metadata:
  version: 10
  cacheKey: 10c0

"@emnapi/runtime@npm:^1.11.3":
  version: 1.11.3
  resolution: "@emnapi/runtime@npm:1.11.3"
  dependencies:
    tslib: "npm:^2.4.0"
  checksum: 10c0/a00f1020fefb9d4145c367f93a9fddb383a00da8ffd7871e20b19659890379b83aeecb9f84d7d0eda5456343f4a09eb05b0acb5153b0d3d889539dedb1ed87c3
  languageName: node
  linkType: hard

"@img/colour@npm:^1.1.0":
  version: 1.1.0
  resolution: "@img/colour@npm:1.1.0"
  checksum: 10c0/2ebea2c0bbaee73b99badcefa04e1e71d83f36e5369337d3121dca841f4569533c4e2faddda6d62dd247f0d5cca143711f9446c59bcce81e427ba433a7a94a17
  languageName: node
  linkType: hard

"@img/sharp-darwin-arm64@npm:0.35.4":
  version: 0.35.4
  resolution: "@img/sharp-darwin-arm64@npm:0.35.4"
  dependencies:
    "@img/sharp-libvips-darwin-arm64": "npm:1.3.3"
  dependenciesMeta:
    "@img/sharp-libvips-darwin-arm64":
      optional: true
  conditions: os=darwin & cpu=arm64
  languageName: node
  linkType: hard

"@img/sharp-darwin-x64@npm:0.35.4":
  version: 0.35.4
  resolution: "@img/sharp-darwin-x64@npm:0.35.4"
  dependencies:
    "@img/sharp-libvips-darwin-x64": "npm:1.3.3"
  dependenciesMeta:
    "@img/sharp-libvips-darwin-x64":
      optional: true
  conditions: os=darwin & cpu=x64
  languageName: node
  linkType: hard

"@img/sharp-freebsd-wasm32@npm:0.35.4":
  version: 0.35.4
  resolution: "@img/sharp-freebsd-wasm32@npm:0.35.4"
  dependencies:
    "@img/sharp-wasm32": "npm:0.35.4"
  conditions: os=freebsd
  languageName: node
  linkType: hard

"@img/sharp-libvips-darwin-arm64@npm:1.3.3":
  version: 1.3.3
  resolution: "@img/sharp-libvips-darwin-arm64@npm:1.3.3"
  conditions: os=darwin & cpu=arm64
  languageName: node
  linkType: hard

"@img/sharp-libvips-darwin-x64@npm:1.3.3":
  version: 1.3.3
  resolution: "@img/sharp-libvips-darwin-x64@npm:1.3.3"
  conditions: os=darwin & cpu=x64
  languageName: node
  linkType: hard

"@img/sharp-libvips-linux-arm64@npm:1.3.3":
  version: 1.3.3
  resolution: "@img/sharp-libvips-linux-arm64@npm:1.3.3"
  conditions: os=linux & cpu=arm64 & libc=glibc
  languageName: node
  linkType: hard

"@img/sharp-libvips-linux-arm@npm:1.3.3":
  version: 1.3.3
  resolution: "@img/sharp-libvips-linux-arm@npm:1.3.3"
  conditions: os=linux & cpu=arm & libc=glibc
  languageName: node
  linkType: hard

"@img/sharp-libvips-linux-ppc64@npm:1.3.3":
  version: 1.3.3
  resolution: "@img/sharp-libvips-linux-ppc64@npm:1.3.3"
  conditions: os=linux & cpu=ppc64 & libc=glibc
  languageName: node
  linkType: hard

"@img/sharp-libvips-linux-riscv64@npm:1.3.3":
  version: 1.3.3
  resolution: "@img/sharp-libvips-linux-riscv64@npm:1.3.3"
  conditions: os=linux & cpu=riscv64 & libc=glibc
  languageName: node
  linkType: hard

"@img/sharp-libvips-linux-s390x@npm:1.3.3":
  version: 1.3.3
  resolution: "@img/sharp-libvips-linux-s390x@npm:1.3.3"
  conditions: os=linux & cpu=s390x & libc=glibc
  languageName: node
  linkType: hard

"@img/sharp-libvips-linux-x64@npm:1.3.3":
  version: 1.3.3
  resolution: "@img/sharp-libvips-linux-x64@npm:1.3.3"
  conditions: os=linux & cpu=x64 & libc=glibc
  languageName: node
  linkType: hard

"@img/sharp-libvips-linuxmusl-arm64@npm:1.3.3":
  version: 1.3.3
  resolution: "@img/sharp-libvips-linuxmusl-arm64@npm:1.3.3"
  conditions: os=linux & cpu=arm64 & libc=musl
  languageName: node
  linkType: hard

"@img/sharp-libvips-linuxmusl-x64@npm:1.3.3":
  version: 1.3.3
  resolution: "@img/sharp-libvips-linuxmusl-x64@npm:1.3.3"
  conditions: os=linux & cpu=x64 & libc=musl
  languageName: node
  linkType: hard

"@img/sharp-linux-arm64@npm:0.35.4":
  version: 0.35.4
  resolution: "@img/sharp-linux-arm64@npm:0.35.4"
  dependencies:
    "@img/sharp-libvips-linux-arm64": "npm:1.3.3"
  dependenciesMeta:
    "@img/sharp-libvips-linux-arm64":
      optional: true
  conditions: os=linux & cpu=arm64 & libc=glibc
  languageName: node
  linkType: hard

"@img/sharp-linux-arm@npm:0.35.4":
  version: 0.35.4
  resolution: "@img/sharp-linux-arm@npm:0.35.4"
  dependencies:
    "@img/sharp-libvips-linux-arm": "npm:1.3.3"
  dependenciesMeta:
    "@img/sharp-libvips-linux-arm":
      optional: true
  conditions: os=linux & cpu=arm & libc=glibc
  languageName: node
  linkType: hard

"@img/sharp-linux-ppc64@npm:0.35.4":
  version: 0.35.4
  resolution: "@img/sharp-linux-ppc64@npm:0.35.4"
  dependencies:
    "@img/sharp-libvips-linux-ppc64": "npm:1.3.3"
  dependenciesMeta:
    "@img/sharp-libvips-linux-ppc64":
      optional: true
  conditions: os=linux & cpu=ppc64 & libc=glibc
  languageName: node
  linkType: hard

"@img/sharp-linux-riscv64@npm:0.35.4":
  version: 0.35.4
  resolution: "@img/sharp-linux-riscv64@npm:0.35.4"
  dependencies:
    "@img/sharp-libvips-linux-riscv64": "npm:1.3.3"
  dependenciesMeta:
    "@img/sharp-libvips-linux-riscv64":
      optional: true
  conditions: os=linux & cpu=riscv64 & libc=glibc
  languageName: node
  linkType: hard

"@img/sharp-linux-s390x@npm:0.35.4":
  version: 0.35.4
  resolution: "@img/sharp-linux-s390x@npm:0.35.4"
  dependencies:
    "@img/sharp-libvips-linux-s390x": "npm:1.3.3"
  dependenciesMeta:
    "@img/sharp-libvips-linux-s390x":
      optional: true
  conditions: os=linux & cpu=s390x & libc=glibc
  languageName: node
  linkType: hard

"@img/sharp-linux-x64@npm:0.35.4":
  version: 0.35.4
  resolution: "@img/sharp-linux-x64@npm:0.35.4"
  dependencies:
    "@img/sharp-libvips-linux-x64": "npm:1.3.3"
  dependenciesMeta:
    "@img/sharp-libvips-linux-x64":
      optional: true
  conditions: os=linux & cpu=x64 & libc=glibc
  languageName: node
  linkType: hard

"@img/sharp-linuxmusl-arm64@npm:0.35.4":
  version: 0.35.4
  resolution: "@img/sharp-linuxmusl-arm64@npm:0.35.4"
  dependencies:
    "@img/sharp-libvips-linuxmusl-arm64": "npm:1.3.3"
  dependenciesMeta:
    "@img/sharp-libvips-linuxmusl-arm64":
      optional: true
  conditions: os=linux & cpu=arm64 & libc=musl
  languageName: node
  linkType: hard

"@img/sharp-linuxmusl-x64@npm:0.35.4":
  version: 0.35.4
  resolution: "@img/sharp-linuxmusl-x64@npm:0.35.4"
  dependencies:
    "@img/sharp-libvips-linuxmusl-x64": "npm:1.3.3"
  dependenciesMeta:
    "@img/sharp-libvips-linuxmusl-x64":
      optional: true
  conditions: os=linux & cpu=x64 & libc=musl
  languageName: node
  linkType: hard

"@img/sharp-wasm32@npm:0.35.4":
  version: 0.35.4
  resolution: "@img/sharp-wasm32@npm:0.35.4"
  dependencies:
    "@emnapi/runtime": "npm:^1.11.3"
  checksum: 10c0/7f5e394f168eb2f038b8ae4949fb5434085d1db931ede2ae1389479d7a1dbe11e2fc9d58e8e9830bff744ba996256c9e411be1d466dfcbf6e1f4d153b84f25ff
  languageName: node
  linkType: hard

"@img/sharp-webcontainers-wasm32@npm:0.35.4":
  version: 0.35.4
  resolution: "@img/sharp-webcontainers-wasm32@npm:0.35.4"
  dependencies:
    "@img/sharp-wasm32": "npm:0.35.4"
  conditions: cpu=wasm32
  languageName: node
  linkType: hard

"@img/sharp-win32-arm64@npm:0.35.4":
  version: 0.35.4
  resolution: "@img/sharp-win32-arm64@npm:0.35.4"
  conditions: os=win32 & cpu=arm64
  languageName: node
  linkType: hard

"@img/sharp-win32-ia32@npm:0.35.4":
  version: 0.35.4
  resolution: "@img/sharp-win32-ia32@npm:0.35.4"
  conditions: os=win32 & cpu=ia32
  languageName: node
  linkType: hard

"@img/sharp-win32-x64@npm:0.35.4":
  version: 0.35.4
  resolution: "@img/sharp-win32-x64@npm:0.35.4"
  conditions: os=win32 & cpu=x64
  languageName: node
  linkType: hard

"@tokenizer/token@npm:^0.3.0":
  version: 0.3.0
  resolution: "@tokenizer/token@npm:0.3.0"
  checksum: 10c0/7ab9a822d4b5ff3f5bca7f7d14d46bdd8432528e028db4a52be7fbf90c7f495cc1af1324691dda2813c6af8dc4b8eb29de3107d4508165f9aa5b53e7d501f155
  languageName: node
  linkType: hard

"abort-controller@npm:^3.0.0":
  version: 3.0.0
  resolution: "abort-controller@npm:3.0.0"
  dependencies:
    event-target-shim: "npm:^5.0.0"
  checksum: 10c0/90ccc50f010250152509a344eb2e71977fbf8db0ab8f1061197e3275ddf6c61a41a6edfd7b9409c664513131dd96e962065415325ef23efa5db931b382d24ca5
  languageName: node
  linkType: hard

"accepts@npm:^2.0.0":
  version: 2.0.0
  resolution: "accepts@npm:2.0.0"
  dependencies:
    mime-types: "npm:^3.0.0"
    negotiator: "npm:^1.0.0"
  checksum: 10c0/98374742097e140891546076215f90c32644feacf652db48412329de4c2a529178a81aa500fbb13dd3e6cbf6e68d829037b123ac037fc9a08bcec4b87b358eef
  languageName: node
  linkType: hard

"append-field@npm:^1.0.0":
  version: 1.0.0
  resolution: "append-field@npm:1.0.0"
  checksum: 10c0/1b5abcc227e5179936a9e4f7e2af4769fa1f00eda85bbaed907f7964b0fd1f7d61f0f332b35337f391389ff13dd5310c2546ba670f8e5a743b23ec85185c73ef
  languageName: node
  linkType: hard

"base64-js@npm:^1.3.1":
  version: 1.5.1
  resolution: "base64-js@npm:1.5.1"
  checksum: 10c0/f23823513b63173a001030fae4f2dabe283b99a9d324ade3ad3d148e218134676f1ee8568c877cd79ec1c53158dcf2d2ba527a97c606618928ba99dd930102bf
  languageName: node
  linkType: hard

"basic-auth@npm:^2.0.1":
  version: 2.0.1
  resolution: "basic-auth@npm:2.0.1"
  dependencies:
    safe-buffer: "npm:5.1.2"
  checksum: 10c0/05f56db3a0fc31c89c86b605231e32ee143fb6ae38dc60616bc0970ae6a0f034172def99e69d3aed0e2c9e7cac84e2d63bc51a0b5ff6ab5fc8808cc8b29923c1
  languageName: node
  linkType: hard

"body-parser@npm:^2.2.1":
  version: 2.3.0
  resolution: "body-parser@npm:2.3.0"
  dependencies:
    bytes: "npm:^3.1.2"
    content-type: "npm:^2.0.0"
    debug: "npm:^4.4.3"
    http-errors: "npm:^2.0.1"
    iconv-lite: "npm:^0.7.2"
    on-finished: "npm:^2.4.1"
    qs: "npm:^6.15.2"
    raw-body: "npm:^3.0.2"
    type-is: "npm:^2.1.0"
  checksum: 10c0/2a8fbbdc471b588338555a3e1a597d1eb0ad0c21cf20fdc3bac5d3f8d9c3a4b19b4163575ab852a43a5dfc0df7770ced5284f979e561f1a24c2f851ce89e695a
  languageName: node
  linkType: hard

"buffer@npm:^6.0.3":
  version: 6.0.3
  resolution: "buffer@npm:6.0.3"
  dependencies:
    base64-js: "npm:^1.3.1"
    ieee754: "npm:^1.2.1"
  checksum: 10c0/2a905fbbcde73cc5d8bd18d1caa23715d5f83a5935867c2329f0ac06104204ba7947be098fe1317fbd8830e26090ff8e764f08cd14fefc977bb248c3487bcbd0
  languageName: node
  linkType: hard

"busboy@npm:^1.6.0":
  version: 1.6.0
  resolution: "busboy@npm:1.6.0"
  dependencies:
    streamsearch: "npm:^1.1.0"
  checksum: 10c0/fa7e836a2b82699b6e074393428b91ae579d4f9e21f5ac468e1b459a244341d722d2d22d10920cdd849743dbece6dca11d72de939fb75a7448825cf2babfba1f
  languageName: node
  linkType: hard

"bytes@npm:^3.1.2, bytes@npm:~3.1.2":
  version: 3.1.2
  resolution: "bytes@npm:3.1.2"
  checksum: 10c0/76d1c43cbd602794ad8ad2ae94095cddeb1de78c5dddaa7005c51af10b0176c69971a6d88e805a90c2b6550d76636e43c40d8427a808b8645ede885de4a0358e
  languageName: node
  linkType: hard

"call-bind-apply-helpers@npm:^1.0.1, call-bind-apply-helpers@npm:^1.0.2":
  version: 1.0.2
  resolution: "call-bind-apply-helpers@npm:1.0.2"
  dependencies:
    es-errors: "npm:^1.3.0"
    function-bind: "npm:^1.1.2"
  checksum: 10c0/47bd9901d57b857590431243fea704ff18078b16890a6b3e021e12d279bbf211d039155e27d7566b374d49ee1f8189344bac9833dec7a20cdec370506361c938
  languageName: node
  linkType: hard

"call-bound@npm:^1.0.2":
  version: 1.0.4
  resolution: "call-bound@npm:1.0.4"
  dependencies:
    call-bind-apply-helpers: "npm:^1.0.2"
    get-intrinsic: "npm:^1.3.0"
  checksum: 10c0/f4796a6a0941e71c766aea672f63b72bc61234c4f4964dc6d7606e3664c307e7d77845328a8f3359ce39ddb377fed67318f9ee203dea1d47e46165dcf2917644
  languageName: node
  linkType: hard

"content-disposition@npm:^1.0.0":
  version: 1.1.0
  resolution: "content-disposition@npm:1.1.0"
  checksum: 10c0/94e0aef65873e69330f5f187fbc44ebce593bdcb8013dd8a68b7d0f159ca089bd30db3f8095d829f81c341695b60a6085ee6e15e6d775c4a325b586cc8d91974
  languageName: node
  linkType: hard

"content-type@npm:^1.0.5":
  version: 1.0.5
  resolution: "content-type@npm:1.0.5"
  checksum: 10c0/b76ebed15c000aee4678c3707e0860cb6abd4e680a598c0a26e17f0bfae723ec9cc2802f0ff1bc6e4d80603719010431d2231018373d4dde10f9ccff9dadf5af
  languageName: node
  linkType: hard

"content-type@npm:^2.0.0, content-type@npm:^2.1.0":
  version: 2.1.0
  resolution: "content-type@npm:2.1.0"
  checksum: 10c0/f5d420f55fd0c7a7f7cbae9637777ce67a074aa79b489d8d9fee8599089592b5f8bb194e1d6885741fee20271034baca0d68d5419535b52d070c4f7e39f4b448
  languageName: node
  linkType: hard

"cookie-signature@npm:^1.2.1":
  version: 1.2.2
  resolution: "cookie-signature@npm:1.2.2"
  checksum: 10c0/54e05df1a293b3ce81589b27dddc445f462f6fa6812147c033350cd3561a42bc14481674e05ed14c7bd0ce1e8bb3dc0e40851bad75415733711294ddce0b7bc6
  languageName: node
  linkType: hard

"cookie@npm:^0.7.1":
  version: 0.7.2
  resolution: "cookie@npm:0.7.2"
  checksum: 10c0/9596e8ccdbf1a3a88ae02cf5ee80c1c50959423e1022e4e60b91dd87c622af1da309253d8abdb258fb5e3eacb4f08e579dc58b4897b8087574eee0fd35dfa5d2
  languageName: node
  linkType: hard

"debug@npm:^4.3.4, debug@npm:^4.4.0, debug@npm:^4.4.3":
  version: 4.4.3
  resolution: "debug@npm:4.4.3"
  dependencies:
    ms: "npm:^2.1.3"
  peerDependenciesMeta:
    supports-color:
      optional: true
  checksum: 10c0/d79136ec6c83ecbefd0f6a5593da6a9c91ec4d7ddc4b54c883d6e71ec9accb5f67a1a5e96d00a328196b5b5c86d365e98d8a3a70856aaf16b4e7b1985e67f5a6
  languageName: node
  linkType: hard

"depd@npm:^2.0.0, depd@npm:~2.0.0":
  version: 2.0.0
  resolution: "depd@npm:2.0.0"
  checksum: 10c0/58bd06ec20e19529b06f7ad07ddab60e504d9e0faca4bd23079fac2d279c3594334d736508dc350e06e510aba5e22e4594483b3a6562ce7c17dd797f4cc4ad2c
  languageName: node
  linkType: hard

"detect-libc@npm:^2.1.2":
  version: 2.1.2
  resolution: "detect-libc@npm:2.1.2"
  checksum: 10c0/acc675c29a5649fa1fb6e255f993b8ee829e510b6b56b0910666949c80c364738833417d0edb5f90e4e46be17228b0f2b66a010513984e18b15deeeac49369c4
  languageName: node
  linkType: hard

"dotenv@npm:^18.0.3":
  version: 18.0.3
  resolution: "dotenv@npm:18.0.3"
  bin:
    dotenv: dist/index.cjs
  checksum: 10c0/0132d3dba2022808c31d0c8191cd8567351c8a1b932f751237cfe502563b9eaab309754bd66e5965f2ccee887c3527f883e29016cb4d691df8519e7fc3d452fd
  languageName: node
  linkType: hard

"dunder-proto@npm:^1.0.1":
  version: 1.0.1
  resolution: "dunder-proto@npm:1.0.1"
  dependencies:
    call-bind-apply-helpers: "npm:^1.0.1"
    es-errors: "npm:^1.3.0"
    gopd: "npm:^1.2.0"
  checksum: 10c0/199f2a0c1c16593ca0a145dbf76a962f8033ce3129f01284d48c45ed4e14fea9bbacd7b3610b6cdc33486cef20385ac054948fefc6272fcce645c09468f93031
  languageName: node
  linkType: hard

"ee-first@npm:1.1.1":
  version: 1.1.1
  resolution: "ee-first@npm:1.1.1"
  checksum: 10c0/b5bb125ee93161bc16bfe6e56c6b04de5ad2aa44234d8f644813cc95d861a6910903132b05093706de2b706599367c4130eb6d170f6b46895686b95f87d017b7
  languageName: node
  linkType: hard

"encodeurl@npm:^2.0.0":
  version: 2.0.0
  resolution: "encodeurl@npm:2.0.0"
  checksum: 10c0/5d317306acb13e6590e28e27924c754163946a2480de11865c991a3a7eed4315cd3fba378b543ca145829569eefe9b899f3d84bb09870f675ae60bc924b01ceb
  languageName: node
  linkType: hard

"es-define-property@npm:^1.0.1":
  version: 1.0.1
  resolution: "es-define-property@npm:1.0.1"
  checksum: 10c0/3f54eb49c16c18707949ff25a1456728c883e81259f045003499efba399c08bad00deebf65cccde8c0e07908c1a225c9d472b7107e558f2a48e28d530e34527c
  languageName: node
  linkType: hard

"es-errors@npm:^1.3.0":
  version: 1.3.0
  resolution: "es-errors@npm:1.3.0"
  checksum: 10c0/0a61325670072f98d8ae3b914edab3559b6caa980f08054a3b872052640d91da01d38df55df797fcc916389d77fc92b8d5906cf028f4db46d7e3003abecbca85
  languageName: node
  linkType: hard

"es-object-atoms@npm:^1.0.0, es-object-atoms@npm:^1.1.1":
  version: 1.1.2
  resolution: "es-object-atoms@npm:1.1.2"
  dependencies:
    es-errors: "npm:^1.3.0"
  checksum: 10c0/1772861f094f739d6f41b579cfb9a18579daffeb434552a370a5fbef50a32d22227e27b63fdbb757b7ddd429d1b42fe52ccae7966d9302a2ec221b6f1b41bbc4
  languageName: node
  linkType: hard

"escape-html@npm:^1.0.3":
  version: 1.0.3
  resolution: "escape-html@npm:1.0.3"
  checksum: 10c0/524c739d776b36c3d29fa08a22e03e8824e3b2fd57500e5e44ecf3cc4707c34c60f9ca0781c0e33d191f2991161504c295e98f68c78fe7baa6e57081ec6ac0a3
  languageName: node
  linkType: hard

"etag@npm:^1.8.1":
  version: 1.8.1
  resolution: "etag@npm:1.8.1"
  checksum: 10c0/12be11ef62fb9817314d790089a0a49fae4e1b50594135dcb8076312b7d7e470884b5100d249b28c18581b7fd52f8b485689ffae22a11ed9ec17377a33a08f84
  languageName: node
  linkType: hard

"event-target-shim@npm:^5.0.0":
  version: 5.0.1
  resolution: "event-target-shim@npm:5.0.1"
  checksum: 10c0/0255d9f936215fd206156fd4caa9e8d35e62075d720dc7d847e89b417e5e62cf1ce6c9b4e0a1633a9256de0efefaf9f8d26924b1f3c8620cffb9db78e7d3076b
  languageName: node
  linkType: hard

"events@npm:^3.3.0":
  version: 3.3.0
  resolution: "events@npm:3.3.0"
  checksum: 10c0/d6b6f2adbccbcda74ddbab52ed07db727ef52e31a61ed26db9feb7dc62af7fc8e060defa65e5f8af9449b86b52cc1a1f6a79f2eafcf4e62add2b7a1fa4a432f6
  languageName: node
  linkType: hard

"express-basic-auth@npm:^1.2.1":
  version: 1.2.1
  resolution: "express-basic-auth@npm:1.2.1"
  dependencies:
    basic-auth: "npm:^2.0.1"
  checksum: 10c0/01a14cff7a9d1d243d502b0aef287b2e4199e1c3cabd4a2ab3166ad6b122bc77fdeefcc743f57948b2ab59c4a2bcbe8761f3877a0e28959fa53f415667e348f6
  languageName: node
  linkType: hard

"express@npm:^5.2.1":
  version: 5.2.1
  resolution: "express@npm:5.2.1"
  dependencies:
    accepts: "npm:^2.0.0"
    body-parser: "npm:^2.2.1"
    content-disposition: "npm:^1.0.0"
    content-type: "npm:^1.0.5"
    cookie: "npm:^0.7.1"
    cookie-signature: "npm:^1.2.1"
    debug: "npm:^4.4.0"
    depd: "npm:^2.0.0"
    encodeurl: "npm:^2.0.0"
    escape-html: "npm:^1.0.3"
    etag: "npm:^1.8.1"
    finalhandler: "npm:^2.1.0"
    fresh: "npm:^2.0.0"
    http-errors: "npm:^2.0.0"
    merge-descriptors: "npm:^2.0.0"
    mime-types: "npm:^3.0.0"
    on-finished: "npm:^2.4.1"
    once: "npm:^1.4.0"
    parseurl: "npm:^1.3.3"
    proxy-addr: "npm:^2.0.7"
    qs: "npm:^6.14.0"
    range-parser: "npm:^1.2.1"
    router: "npm:^2.2.0"
    send: "npm:^1.1.0"
    serve-static: "npm:^2.2.0"
    statuses: "npm:^2.0.1"
    type-is: "npm:^2.0.1"
    vary: "npm:^1.1.2"
  checksum: 10c0/45e8c841ad188a41402ddcd1294901e861ee0819f632fb494f2ed344ef9c43315d294d443fb48d594e6586a3b779785120f43321417adaef8567316a55072949
  languageName: node
  linkType: hard

"file-type@npm:^16.5.4":
  version: 16.5.4
  resolution: "file-type@npm:16.5.4"
  dependencies:
    readable-web-to-node-stream: "npm:^3.0.0"
    strtok3: "npm:^6.2.4"
    token-types: "npm:^4.1.1"
  checksum: 10c0/a6c9ab8bc05bc9c212bec239fb0d5bf59ddc9b3912f00c4ef44622e67ae4e553a1cc8372e9e595e14859035188eb305d05d488fa3c5c2a2ad90bb7745b3004ef
  languageName: node
  linkType: hard

"finalhandler@npm:^2.1.0":
  version: 2.1.1
  resolution: "finalhandler@npm:2.1.1"
  dependencies:
    debug: "npm:^4.4.0"
    encodeurl: "npm:^2.0.0"
    escape-html: "npm:^1.0.3"
    on-finished: "npm:^2.4.1"
    parseurl: "npm:^1.3.3"
    statuses: "npm:^2.0.1"
  checksum: 10c0/6bd664e21b7b2e79efcaace7d1a427169f61cce048fae68eb56290e6934e676b78e55d89f5998c5508871345bc59a61f47002dc505dc7288be68cceac1b701e2
  languageName: node
  linkType: hard

"forwarded@npm:0.2.0":
  version: 0.2.0
  resolution: "forwarded@npm:0.2.0"
  checksum: 10c0/9b67c3fac86acdbc9ae47ba1ddd5f2f81526fa4c8226863ede5600a3f7c7416ef451f6f1e240a3cc32d0fd79fcfe6beb08fd0da454f360032bde70bf80afbb33
  languageName: node
  linkType: hard

"fresh@npm:^2.0.0":
  version: 2.0.0
  resolution: "fresh@npm:2.0.0"
  checksum: 10c0/0557548194cb9a809a435bf92bcfbc20c89e8b5eb38861b73ced36750437251e39a111fc3a18b98531be9dd91fe1411e4969f229dc579ec0251ce6c5d4900bbc
  languageName: node
  linkType: hard

"function-bind@npm:^1.1.2":
  version: 1.1.2
  resolution: "function-bind@npm:1.1.2"
  checksum: 10c0/d8680ee1e5fcd4c197e4ac33b2b4dce03c71f4d91717292785703db200f5c21f977c568d28061226f9b5900cbcd2c84463646134fd5337e7925e0942bc3f46d5
  languageName: node
  linkType: hard

"get-intrinsic@npm:^1.2.5, get-intrinsic@npm:^1.3.0":
  version: 1.3.0
  resolution: "get-intrinsic@npm:1.3.0"
  dependencies:
    call-bind-apply-helpers: "npm:^1.0.2"
    es-define-property: "npm:^1.0.1"
    es-errors: "npm:^1.3.0"
    es-object-atoms: "npm:^1.1.1"
    function-bind: "npm:^1.1.2"
    get-proto: "npm:^1.0.1"
    gopd: "npm:^1.2.0"
    has-symbols: "npm:^1.1.0"
    hasown: "npm:^2.0.2"
    math-intrinsics: "npm:^1.1.0"
  checksum: 10c0/52c81808af9a8130f581e6a6a83e1ba4a9f703359e7a438d1369a5267a25412322f03dcbd7c549edaef0b6214a0630a28511d7df0130c93cfd380f4fa0b5b66a
  languageName: node
  linkType: hard

"get-proto@npm:^1.0.1":
  version: 1.0.1
  resolution: "get-proto@npm:1.0.1"
  dependencies:
    dunder-proto: "npm:^1.0.1"
    es-object-atoms: "npm:^1.0.0"
  checksum: 10c0/9224acb44603c5526955e83510b9da41baf6ae73f7398875fba50edc5e944223a89c4a72b070fcd78beb5f7bdda58ecb6294adc28f7acfc0da05f76a2399643c
  languageName: node
  linkType: hard

"gopd@npm:^1.2.0":
  version: 1.2.0
  resolution: "gopd@npm:1.2.0"
  checksum: 10c0/50fff1e04ba2b7737c097358534eacadad1e68d24cccee3272e04e007bed008e68d2614f3987788428fd192a5ae3889d08fb2331417e4fc4a9ab366b2043cead
  languageName: node
  linkType: hard

"has-symbols@npm:^1.1.0":
  version: 1.1.0
  resolution: "has-symbols@npm:1.1.0"
  checksum: 10c0/dde0a734b17ae51e84b10986e651c664379018d10b91b6b0e9b293eddb32f0f069688c841fb40f19e9611546130153e0a2a48fd7f512891fb000ddfa36f5a20e
  languageName: node
  linkType: hard

"hasown@npm:^2.0.2":
  version: 2.0.4
  resolution: "hasown@npm:2.0.4"
  dependencies:
    function-bind: "npm:^1.1.2"
  checksum: 10c0/2d8de939e270b70618f8cebb69746620db10617dbb495bc66ddad326955ea24d3ca4af133aff3eb7c1853e0218f867bc2b050ec26fe02e3aea58f880ffc5e506
  languageName: node
  linkType: hard

"http-errors@npm:^2.0.0, http-errors@npm:^2.0.1, http-errors@npm:~2.0.1":
  version: 2.0.1
  resolution: "http-errors@npm:2.0.1"
  dependencies:
    depd: "npm:~2.0.0"
    inherits: "npm:~2.0.4"
    setprototypeof: "npm:~1.2.0"
    statuses: "npm:~2.0.2"
    toidentifier: "npm:~1.0.1"
  checksum: 10c0/fb38906cef4f5c83952d97661fe14dc156cb59fe54812a42cd448fa57b5c5dfcb38a40a916957737bd6b87aab257c0648d63eb5b6a9ca9f548e105b6072712d4
  languageName: node
  linkType: hard

"iconv-lite@npm:^0.7.2, iconv-lite@npm:~0.7.0":
  version: 0.7.3
  resolution: "iconv-lite@npm:0.7.3"
  dependencies:
    safer-buffer: "npm:>= 2.1.2 < 3.0.0"
  checksum: 10c0/be2fd2414f7e94be3a63063fa0ad5919c16bc7b6e00c77eea0765ced6db405739f38dd51016583058fba25cc1d0106ba30b83fbb7a7e32f824d4db76f23d8d33
  languageName: node
  linkType: hard

"ieee754@npm:^1.2.1":
  version: 1.2.1
  resolution: "ieee754@npm:1.2.1"
  checksum: 10c0/b0782ef5e0935b9f12883a2e2aa37baa75da6e66ce6515c168697b42160807d9330de9a32ec1ed73149aea02e0d822e572bca6f1e22bdcbd2149e13b050b17bb
  languageName: node
  linkType: hard

"inherits@npm:~2.0.4":
  version: 2.0.4
  resolution: "inherits@npm:2.0.4"
  checksum: 10c0/4e531f648b29039fb7426fb94075e6545faa1eb9fe83c29f0b6d9e7263aceb4289d2d4557db0d428188eeb449cc7c5e77b0a0b2c4e248ff2a65933a0dee49ef2
  languageName: node
  linkType: hard

"ipaddr.js@npm:1.9.1":
  version: 1.9.1
  resolution: "ipaddr.js@npm:1.9.1"
  checksum: 10c0/0486e775047971d3fdb5fb4f063829bac45af299ae0b82dcf3afa2145338e08290563a2a70f34b732d795ecc8311902e541a8530eeb30d75860a78ff4e94ce2a
  languageName: node
  linkType: hard

"is-promise@npm:^4.0.0":
  version: 4.0.0
  resolution: "is-promise@npm:4.0.0"
  checksum: 10c0/ebd5c672d73db781ab33ccb155fb9969d6028e37414d609b115cc534654c91ccd061821d5b987eefaa97cf4c62f0b909bb2f04db88306de26e91bfe8ddc01503
  languageName: node
  linkType: hard

"math-intrinsics@npm:^1.1.0":
  version: 1.1.0
  resolution: "math-intrinsics@npm:1.1.0"
  checksum: 10c0/7579ff94e899e2f76ab64491d76cf606274c874d8f2af4a442c016bd85688927fcfca157ba6bf74b08e9439dc010b248ce05b96cc7c126a354c3bae7fcb48b7f
  languageName: node
  linkType: hard

"media-server@workspace:.":
  version: 0.0.0-use.local
  resolution: "media-server@workspace:."
  dependencies:
    dotenv: "npm:^18.0.3"
    express: "npm:^5.2.1"
    express-basic-auth: "npm:^1.2.1"
    multer: "npm:^2.4.0"
    music-metadata: "npm:7"
    sharp: "npm:^0.35.4"
    systeminformation: "npm:^5.33.13"
  languageName: unknown
  linkType: soft

"media-typer@npm:0.3.0":
  version: 0.3.0
  resolution: "media-typer@npm:0.3.0"
  checksum: 10c0/d160f31246907e79fed398470285f21bafb45a62869dc469b1c8877f3f064f5eabc4bcc122f9479b8b605bc5c76187d7871cf84c4ee3ecd3e487da1993279928
  languageName: node
  linkType: hard

"media-typer@npm:^1.1.0":
  version: 1.1.1
  resolution: "media-typer@npm:1.1.1"
  checksum: 10c0/924644de220c3107fc53ec0299b7c1488503470265d32f1492535bd798cc369ba7ceaf9c2a4533361590dcf7208d1cc7b7032dbc1a5918773f5f5d912cab5211
  languageName: node
  linkType: hard

"merge-descriptors@npm:^2.0.0":
  version: 2.0.0
  resolution: "merge-descriptors@npm:2.0.0"
  checksum: 10c0/95389b7ced3f9b36fbdcf32eb946dc3dd1774c2fdf164609e55b18d03aa499b12bd3aae3a76c1c7185b96279e9803525550d3eb292b5224866060a288f335cb3
  languageName: node
  linkType: hard

"mime-db@npm:1.52.0":
  version: 1.52.0
  resolution: "mime-db@npm:1.52.0"
  checksum: 10c0/0557a01deebf45ac5f5777fe7740b2a5c309c6d62d40ceab4e23da9f821899ce7a900b7ac8157d4548ddbb7beffe9abc621250e6d182b0397ec7f10c7b91a5aa
  languageName: node
  linkType: hard

"mime-db@npm:^1.54.0":
  version: 1.54.0
  resolution: "mime-db@npm:1.54.0"
  checksum: 10c0/8d907917bc2a90fa2df842cdf5dfeaf509adc15fe0531e07bb2f6ab15992416479015828d6a74200041c492e42cce3ebf78e5ce714388a0a538ea9c53eece284
  languageName: node
  linkType: hard

"mime-types@npm:^3.0.0, mime-types@npm:^3.0.2":
  version: 3.0.2
  resolution: "mime-types@npm:3.0.2"
  dependencies:
    mime-db: "npm:^1.54.0"
  checksum: 10c0/35a0dd1035d14d185664f346efcdb72e93ef7a9b6e9ae808bd1f6358227010267fab52657b37562c80fc888ff76becb2b2938deb5e730818b7983bf8bd359767
  languageName: node
  linkType: hard

"mime-types@npm:~2.1.24":
  version: 2.1.35
  resolution: "mime-types@npm:2.1.35"
  dependencies:
    mime-db: "npm:1.52.0"
  checksum: 10c0/82fb07ec56d8ff1fc999a84f2f217aa46cb6ed1033fefaabd5785b9a974ed225c90dc72fff460259e66b95b73648596dbcc50d51ed69cdf464af2d237d3149b2
  languageName: node
  linkType: hard

"ms@npm:^2.1.3":
  version: 2.1.3
  resolution: "ms@npm:2.1.3"
  checksum: 10c0/d924b57e7312b3b63ad21fc5b3dc0af5e78d61a1fc7cfb5457edaf26326bf62be5307cc87ffb6862ef1c2b33b0233cdb5d4f01c4c958cc0d660948b65a287a48
  languageName: node
  linkType: hard

"multer@npm:^2.4.0":
  version: 2.4.0
  resolution: "multer@npm:2.4.0"
  dependencies:
    append-field: "npm:^1.0.0"
    busboy: "npm:^1.6.0"
    type-is: "npm:^1.6.18"
  checksum: 10c0/4e271959ba4c9184f26dbd98a06eeb2ee8008e8ca2d1d30cb7856f642678648c085ed064627e9db01ae07442adfd275a7124fb409335a8f754ec41df51f1f1d0
  languageName: node
  linkType: hard

"music-metadata@npm:7":
  version: 7.14.0
  resolution: "music-metadata@npm:7.14.0"
  dependencies:
    "@tokenizer/token": "npm:^0.3.0"
    content-type: "npm:^1.0.5"
    debug: "npm:^4.3.4"
    file-type: "npm:^16.5.4"
    media-typer: "npm:^1.1.0"
    strtok3: "npm:^6.3.0"
    token-types: "npm:^4.2.1"
  checksum: 10c0/fff3401b5cdbaaf8c34a47652b620e4290416c0b5ea734bc38ad71e02722dfc5516e2d30388335b58d280431a95ddb9ca3939a28ec63a7fe99e85696562021e5
  languageName: node
  linkType: hard

"negotiator@npm:^1.0.0":
  version: 1.1.0
  resolution: "negotiator@npm:1.1.0"
  dependencies:
    content-type: "npm:^2.1.0"
  checksum: 10c0/656fa57de02f1a0c4c09f9e17eb78e8182547c07093e810ff8f16249b6ae31f2c546a3d457905e94f3276b25f0e2741ea1a3bc3912192932ed7e493adfea535e
  languageName: node
  linkType: hard

"object-inspect@npm:^1.13.3, object-inspect@npm:^1.13.4":
  version: 1.13.4
  resolution: "object-inspect@npm:1.13.4"
  checksum: 10c0/d7f8711e803b96ea3191c745d6f8056ce1f2496e530e6a19a0e92d89b0fa3c76d910c31f0aa270432db6bd3b2f85500a376a83aaba849a8d518c8845b3211692
  languageName: node
  linkType: hard

"on-finished@npm:^2.4.1":
  version: 2.4.1
  resolution: "on-finished@npm:2.4.1"
  dependencies:
    ee-first: "npm:1.1.1"
  checksum: 10c0/46fb11b9063782f2d9968863d9cbba33d77aa13c17f895f56129c274318b86500b22af3a160fe9995aa41317efcd22941b6eba747f718ced08d9a73afdb087b4
  languageName: node
  linkType: hard

"once@npm:^1.4.0":
  version: 1.4.0
  resolution: "once@npm:1.4.0"
  dependencies:
    wrappy: "npm:1"
  checksum: 10c0/5d48aca287dfefabd756621c5dfce5c91a549a93e9fdb7b8246bc4c4790aa2ec17b34a260530474635147aeb631a2dcc8b32c613df0675f96041cbb8244517d0
  languageName: node
  linkType: hard

"parseurl@npm:^1.3.3":
  version: 1.3.3
  resolution: "parseurl@npm:1.3.3"
  checksum: 10c0/90dd4760d6f6174adb9f20cf0965ae12e23879b5f5464f38e92fce8073354341e4b3b76fa3d878351efe7d01e617121955284cfd002ab087fba1a0726ec0b4f5
  languageName: node
  linkType: hard

"path-to-regexp@npm:^8.0.0":
  version: 8.4.2
  resolution: "path-to-regexp@npm:8.4.2"
  checksum: 10c0/05b115c49b47ad252ce05faa32930f643f23769c68b8bcfe78ad833545140c48bbffb3266986d6c8d5db13a64cf12e07e0d72d9882cab830efeefa553533ebaf
  languageName: node
  linkType: hard

"peek-readable@npm:^4.1.0":
  version: 4.1.0
  resolution: "peek-readable@npm:4.1.0"
  checksum: 10c0/f9b81ce3eed185cc9ebbf7dff0b6e130dd6da7b05f1802bbf726a78e4d84990b0a65f8e701959c50eb1124cc2ad352205147954bf39793faba29bb00ce742a44
  languageName: node
  linkType: hard

"process@npm:^0.11.10":
  version: 0.11.10
  resolution: "process@npm:0.11.10"
  checksum: 10c0/40c3ce4b7e6d4b8c3355479df77aeed46f81b279818ccdc500124e6a5ab882c0cc81ff7ea16384873a95a74c4570b01b120f287abbdd4c877931460eca6084b3
  languageName: node
  linkType: hard

"proxy-addr@npm:^2.0.7":
  version: 2.0.8
  resolution: "proxy-addr@npm:2.0.8"
  dependencies:
    forwarded: "npm:0.2.0"
    ipaddr.js: "npm:1.9.1"
  checksum: 10c0/58398f36e5b1f72b1011ca21844c0c41a9a3b6f2f0d101bcdb19abb3f3dd9626b27a96e53da777ded901eb67faed0304a4bc1d435b235e436f66f8e5e1fe1f5e
  languageName: node
  linkType: hard

"qs@npm:^6.14.0, qs@npm:^6.15.2":
  version: 6.16.0
  resolution: "qs@npm:6.16.0"
  dependencies:
    es-define-property: "npm:^1.0.1"
    side-channel: "npm:^1.1.1"
  checksum: 10c0/eb3e31992fbd70e31a1791e571ed817d70975de7d3bfcbbbec93d77d1dd305877e9e8fdbcc62303c228ee5c3606685622cd6231c042dbc4790bb4e7c65fcbe18
  languageName: node
  linkType: hard

"range-parser@npm:^1.2.1":
  version: 1.3.0
  resolution: "range-parser@npm:1.3.0"
  checksum: 10c0/295494bb6685f9ab50f41a5f4fa5ce445aeeb9673b491bf178460fcc3a812dcf0d164cf1c83074f13a71a87d91ead5e097afd53e0630bc49a5101ed60f2a7529
  languageName: node
  linkType: hard

"raw-body@npm:^3.0.2":
  version: 3.0.2
  resolution: "raw-body@npm:3.0.2"
  dependencies:
    bytes: "npm:~3.1.2"
    http-errors: "npm:~2.0.1"
    iconv-lite: "npm:~0.7.0"
    unpipe: "npm:~1.0.0"
  checksum: 10c0/d266678d08e1e7abea62c0ce5864344e980fa81c64f6b481e9842c5beaed2cdcf975f658a3ccd67ad35fc919c1f6664ccc106067801850286a6cbe101de89f29
  languageName: node
  linkType: hard

"readable-stream@npm:^4.7.0":
  version: 4.7.0
  resolution: "readable-stream@npm:4.7.0"
  dependencies:
    abort-controller: "npm:^3.0.0"
    buffer: "npm:^6.0.3"
    events: "npm:^3.3.0"
    process: "npm:^0.11.10"
    string_decoder: "npm:^1.3.0"
  checksum: 10c0/fd86d068da21cfdb10f7a4479f2e47d9c0a9b0c862fc0c840a7e5360201580a55ac399c764b12a4f6fa291f8cee74d9c4b7562e0d53b3c4b2769f2c98155d957
  languageName: node
  linkType: hard

"readable-web-to-node-stream@npm:^3.0.0":
  version: 3.0.4
  resolution: "readable-web-to-node-stream@npm:3.0.4"
  dependencies:
    readable-stream: "npm:^4.7.0"
  checksum: 10c0/2dc417d5d0b0c0191fcf57f87df3b2853db21d1da5554ec32b1e1c5a515e5a1243fc077a23f74046d711c2d736628f64b31054a8379b95bb016212430b5110c5
  languageName: node
  linkType: hard

"router@npm:^2.2.0":
  version: 2.2.0
  resolution: "router@npm:2.2.0"
  dependencies:
    debug: "npm:^4.4.0"
    depd: "npm:^2.0.0"
    is-promise: "npm:^4.0.0"
    parseurl: "npm:^1.3.3"
    path-to-regexp: "npm:^8.0.0"
  checksum: 10c0/3279de7450c8eae2f6e095e9edacbdeec0abb5cb7249c6e719faa0db2dba43574b4fff5892d9220631c9abaff52dd3cad648cfea2aaace845e1a071915ac8867
  languageName: node
  linkType: hard

"safe-buffer@npm:5.1.2":
  version: 5.1.2
  resolution: "safe-buffer@npm:5.1.2"
  checksum: 10c0/780ba6b5d99cc9a40f7b951d47152297d0e260f0df01472a1b99d4889679a4b94a13d644f7dbc4f022572f09ae9005fa2fbb93bbbd83643316f365a3e9a45b21
  languageName: node
  linkType: hard

"safe-buffer@npm:~5.2.0":
  version: 5.2.1
  resolution: "safe-buffer@npm:5.2.1"
  checksum: 10c0/6501914237c0a86e9675d4e51d89ca3c21ffd6a31642efeba25ad65720bce6921c9e7e974e5be91a786b25aa058b5303285d3c15dbabf983a919f5f630d349f3
  languageName: node
  linkType: hard

"safer-buffer@npm:>= 2.1.2 < 3.0.0":
  version: 2.1.2
  resolution: "safer-buffer@npm:2.1.2"
  checksum: 10c0/7e3c8b2e88a1841c9671094bbaeebd94448111dd90a81a1f606f3f67708a6ec57763b3b47f06da09fc6054193e0e6709e77325415dc8422b04497a8070fa02d4
  languageName: node
  linkType: hard

"semver@npm:^7.8.5":
  version: 7.8.5
  resolution: "semver@npm:7.8.5"
  bin:
    semver: bin/semver.js
  checksum: 10c0/b1f3127a5be8125a94f37188b361c212466c292c6910adce3ec106cff5dc211ccaedc4739c11bb70fda59d6fc1f040a9bca289f4e093451521a2372e5231fe0c
  languageName: node
  linkType: hard

"send@npm:^1.1.0, send@npm:^1.2.0":
  version: 1.2.1
  resolution: "send@npm:1.2.1"
  dependencies:
    debug: "npm:^4.4.3"
    encodeurl: "npm:^2.0.0"
    escape-html: "npm:^1.0.3"
    etag: "npm:^1.8.1"
    fresh: "npm:^2.0.0"
    http-errors: "npm:^2.0.1"
    mime-types: "npm:^3.0.2"
    ms: "npm:^2.1.3"
    on-finished: "npm:^2.4.1"
    range-parser: "npm:^1.2.1"
    statuses: "npm:^2.0.2"
  checksum: 10c0/fbbbbdc902a913d65605274be23f3d604065cfc3ee3d78bf9fc8af1dc9fc82667c50d3d657f5e601ac657bac9b396b50ee97bd29cd55436320cf1cddebdcec72
  languageName: node
  linkType: hard

"serve-static@npm:^2.2.0":
  version: 2.2.1
  resolution: "serve-static@npm:2.2.1"
  dependencies:
    encodeurl: "npm:^2.0.0"
    escape-html: "npm:^1.0.3"
    parseurl: "npm:^1.3.3"
    send: "npm:^1.2.0"
  checksum: 10c0/37986096e8572e2dfaad35a3925fa8da0c0969f8814fd7788e84d4d388bc068cf0c06d1658509788e55bed942a6b6d040a8a267fa92bb9ffb1179f8bacde5fd7
  languageName: node
  linkType: hard

"setprototypeof@npm:~1.2.0":
  version: 1.2.0
  resolution: "setprototypeof@npm:1.2.0"
  checksum: 10c0/68733173026766fa0d9ecaeb07f0483f4c2dc70ca376b3b7c40b7cda909f94b0918f6c5ad5ce27a9160bdfb475efaa9d5e705a11d8eaae18f9835d20976028bc
  languageName: node
  linkType: hard

"sharp@npm:^0.35.4":
  version: 0.35.4
  resolution: "sharp@npm:0.35.4"
  dependencies:
    "@img/colour": "npm:^1.1.0"
    "@img/sharp-darwin-arm64": "npm:0.35.4"
    "@img/sharp-darwin-x64": "npm:0.35.4"
    "@img/sharp-freebsd-wasm32": "npm:0.35.4"
    "@img/sharp-libvips-darwin-arm64": "npm:1.3.3"
    "@img/sharp-libvips-darwin-x64": "npm:1.3.3"
    "@img/sharp-libvips-linux-arm": "npm:1.3.3"
    "@img/sharp-libvips-linux-arm64": "npm:1.3.3"
    "@img/sharp-libvips-linux-ppc64": "npm:1.3.3"
    "@img/sharp-libvips-linux-riscv64": "npm:1.3.3"
    "@img/sharp-libvips-linux-s390x": "npm:1.3.3"
    "@img/sharp-libvips-linux-x64": "npm:1.3.3"
    "@img/sharp-libvips-linuxmusl-arm64": "npm:1.3.3"
    "@img/sharp-libvips-linuxmusl-x64": "npm:1.3.3"
    "@img/sharp-linux-arm": "npm:0.35.4"
    "@img/sharp-linux-arm64": "npm:0.35.4"
    "@img/sharp-linux-ppc64": "npm:0.35.4"
    "@img/sharp-linux-riscv64": "npm:0.35.4"
    "@img/sharp-linux-s390x": "npm:0.35.4"
    "@img/sharp-linux-x64": "npm:0.35.4"
    "@img/sharp-linuxmusl-arm64": "npm:0.35.4"
    "@img/sharp-linuxmusl-x64": "npm:0.35.4"
    "@img/sharp-webcontainers-wasm32": "npm:0.35.4"
    "@img/sharp-win32-arm64": "npm:0.35.4"
    "@img/sharp-win32-ia32": "npm:0.35.4"
    "@img/sharp-win32-x64": "npm:0.35.4"
    detect-libc: "npm:^2.1.2"
    semver: "npm:^7.8.5"
  dependenciesMeta:
    "@img/sharp-darwin-arm64":
      optional: true
    "@img/sharp-darwin-x64":
      optional: true
    "@img/sharp-freebsd-wasm32":
      optional: true
    "@img/sharp-libvips-darwin-arm64":
      optional: true
    "@img/sharp-libvips-darwin-x64":
      optional: true
    "@img/sharp-libvips-linux-arm":
      optional: true
    "@img/sharp-libvips-linux-arm64":
      optional: true
    "@img/sharp-libvips-linux-ppc64":
      optional: true
    "@img/sharp-libvips-linux-riscv64":
      optional: true
    "@img/sharp-libvips-linux-s390x":
      optional: true
    "@img/sharp-libvips-linux-x64":
      optional: true
    "@img/sharp-libvips-linuxmusl-arm64":
      optional: true
    "@img/sharp-libvips-linuxmusl-x64":
      optional: true
    "@img/sharp-linux-arm":
      optional: true
    "@img/sharp-linux-arm64":
      optional: true
    "@img/sharp-linux-ppc64":
      optional: true
    "@img/sharp-linux-riscv64":
      optional: true
    "@img/sharp-linux-s390x":
      optional: true
    "@img/sharp-linux-x64":
      optional: true
    "@img/sharp-linuxmusl-arm64":
      optional: true
    "@img/sharp-linuxmusl-x64":
      optional: true
    "@img/sharp-webcontainers-wasm32":
      optional: true
    "@img/sharp-win32-arm64":
      optional: true
    "@img/sharp-win32-ia32":
      optional: true
    "@img/sharp-win32-x64":
      optional: true
  peerDependenciesMeta:
    "@types/node":
      optional: true
  checksum: 10c0/dbcc0909200cbff98e82805c86085b94afbd45f373897a04b21e52e9bbc1671dc64970350dd3cb6b2d0970f3444be7100d728005dc6620e39b599269ed7e15eb
  languageName: node
  linkType: hard

"side-channel-list@npm:^1.0.1":
  version: 1.0.1
  resolution: "side-channel-list@npm:1.0.1"
  dependencies:
    es-errors: "npm:^1.3.0"
    object-inspect: "npm:^1.13.4"
  checksum: 10c0/d346c787fd2f9f1c2fdea14f00e8250118db0e7596d85a6cb9faa75f105d31a73a8f7a341c93d7df2a2429098c3d37a77bd3be9e88c37094b8c01807bc77c7a2
  languageName: node
  linkType: hard

"side-channel-map@npm:^1.0.1":
  version: 1.0.1
  resolution: "side-channel-map@npm:1.0.1"
  dependencies:
    call-bound: "npm:^1.0.2"
    es-errors: "npm:^1.3.0"
    get-intrinsic: "npm:^1.2.5"
    object-inspect: "npm:^1.13.3"
  checksum: 10c0/010584e6444dd8a20b85bc926d934424bd809e1a3af941cace229f7fdcb751aada0fb7164f60c2e22292b7fa3c0ff0bce237081fd4cdbc80de1dc68e95430672
  languageName: node
  linkType: hard

"side-channel-weakmap@npm:^1.0.2":
  version: 1.0.2
  resolution: "side-channel-weakmap@npm:1.0.2"
  dependencies:
    call-bound: "npm:^1.0.2"
    es-errors: "npm:^1.3.0"
    get-intrinsic: "npm:^1.2.5"
    object-inspect: "npm:^1.13.3"
    side-channel-map: "npm:^1.0.1"
  checksum: 10c0/71362709ac233e08807ccd980101c3e2d7efe849edc51455030327b059f6c4d292c237f94dc0685031dd11c07dd17a68afde235d6cf2102d949567f98ab58185
  languageName: node
  linkType: hard

"side-channel@npm:^1.1.1":
  version: 1.1.1
  resolution: "side-channel@npm:1.1.1"
  dependencies:
    es-errors: "npm:^1.3.0"
    object-inspect: "npm:^1.13.4"
    side-channel-list: "npm:^1.0.1"
    side-channel-map: "npm:^1.0.1"
    side-channel-weakmap: "npm:^1.0.2"
  checksum: 10c0/dc0ab81d67f61bda9247d053ce93f41c3fd8ad2bdcb9cf9d8d2f8540d488f26d87a5e99ebfc07eea49ec025867b2452b705442d974b1478f0395e69f6bfb3270
  languageName: node
  linkType: hard

"statuses@npm:^2.0.1, statuses@npm:^2.0.2, statuses@npm:~2.0.2":
  version: 2.0.2
  resolution: "statuses@npm:2.0.2"
  checksum: 10c0/a9947d98ad60d01f6b26727570f3bcceb6c8fa789da64fe6889908fe2e294d57503b14bf2b5af7605c2d36647259e856635cd4c49eab41667658ec9d0080ec3f
  languageName: node
  linkType: hard

"streamsearch@npm:^1.1.0":
  version: 1.1.0
  resolution: "streamsearch@npm:1.1.0"
  checksum: 10c0/fbd9aecc2621364384d157f7e59426f4bfd385e8b424b5aaa79c83a6f5a1c8fd2e4e3289e95de1eb3511cb96bb333d6281a9919fafce760e4edb35b2cd2facab
  languageName: node
  linkType: hard

"string_decoder@npm:^1.3.0":
  version: 1.3.0
  resolution: "string_decoder@npm:1.3.0"
  dependencies:
    safe-buffer: "npm:~5.2.0"
  checksum: 10c0/810614ddb030e271cd591935dcd5956b2410dd079d64ff92a1844d6b7588bf992b3e1b69b0f4d34a3e06e0bd73046ac646b5264c1987b20d0601f81ef35d731d
  languageName: node
  linkType: hard

"strtok3@npm:^6.2.4, strtok3@npm:^6.3.0":
  version: 6.3.0
  resolution: "strtok3@npm:6.3.0"
  dependencies:
    "@tokenizer/token": "npm:^0.3.0"
    peek-readable: "npm:^4.1.0"
  checksum: 10c0/8f1483a2a6758404502f2fc431586fcf37d747b10b125596ab5ec92319c247dd1195f82ba0bc2eaa582db3d807b5cca4b67ff61411756fec6622d051f8e255c2
  languageName: node
  linkType: hard

"systeminformation@npm:^5.33.13":
  version: 5.33.13
  resolution: "systeminformation@npm:5.33.13"
  bin:
    systeminformation: lib/cli.js
  checksum: 10c0/477d501a058182116cb488f9d869532be0176763e5430d9495d5a72b045e377a2c33ab827d599caa928fc7aed5543ca5541dd8e46fcd061896694d9f1e5f1840
  conditions: (os=darwin | os=linux | os=win32 | os=freebsd | os=openbsd | os=netbsd | os=sunos | os=android)
  languageName: node
  linkType: hard

"toidentifier@npm:~1.0.1":
  version: 1.0.1
  resolution: "toidentifier@npm:1.0.1"
  checksum: 10c0/93937279934bd66cc3270016dd8d0afec14fb7c94a05c72dc57321f8bd1fa97e5bea6d1f7c89e728d077ca31ea125b78320a616a6c6cd0e6b9cb94cb864381c1
  languageName: node
  linkType: hard

"token-types@npm:^4.1.1, token-types@npm:^4.2.1":
  version: 4.2.1
  resolution: "token-types@npm:4.2.1"
  dependencies:
    "@tokenizer/token": "npm:^0.3.0"
    ieee754: "npm:^1.2.1"
  checksum: 10c0/e9a4a139deba9515770cd7ac36a8f53f953b9d035d309e88a66d706760dba0df420753f2b8bdee6b9f3cbff8d66b24e69571e8dea27baa7b378229ab1bcca399
  languageName: node
  linkType: hard

"tslib@npm:^2.4.0":
  version: 2.8.1
  resolution: "tslib@npm:2.8.1"
  checksum: 10c0/9c4759110a19c53f992d9aae23aac5ced636e99887b51b9e61def52611732872ff7668757d4e4c61f19691e36f4da981cd9485e869b4a7408d689f6bf1f14e62
  languageName: node
  linkType: hard

"type-is@npm:^1.6.18":
  version: 1.6.18
  resolution: "type-is@npm:1.6.18"
  dependencies:
    media-typer: "npm:0.3.0"
    mime-types: "npm:~2.1.24"
  checksum: 10c0/a23daeb538591b7efbd61ecf06b6feb2501b683ffdc9a19c74ef5baba362b4347e42f1b4ed81f5882a8c96a3bfff7f93ce3ffaf0cbbc879b532b04c97a55db9d
  languageName: node
  linkType: hard

"type-is@npm:^2.0.1, type-is@npm:^2.1.0":
  version: 2.1.0
  resolution: "type-is@npm:2.1.0"
  dependencies:
    content-type: "npm:^2.0.0"
    media-typer: "npm:^1.1.0"
    mime-types: "npm:^3.0.0"
  checksum: 10c0/a6018f8f509de48f2c7429305e3a920e73b374fa93127dd0877ae1c2df65a5d33907caac8afb0c37a9b9fc7c49f29e3f55d668963dc845d966930b667c07f50e
  languageName: node
  linkType: hard

"unpipe@npm:~1.0.0":
  version: 1.0.0
  resolution: "unpipe@npm:1.0.0"
  checksum: 10c0/193400255bd48968e5c5383730344fbb4fa114cdedfab26e329e50dd2d81b134244bb8a72c6ac1b10ab0281a58b363d06405632c9d49ca9dfd5e90cbd7d0f32c
  languageName: node
  linkType: hard

"vary@npm:^1.1.2":
  version: 1.1.2
  resolution: "vary@npm:1.1.2"
  checksum: 10c0/f15d588d79f3675135ba783c91a4083dcd290a2a5be9fcb6514220a1634e23df116847b1cc51f66bfb0644cf9353b2abb7815ae499bab06e46dd33c1a6bf1f4f
  languageName: node
  linkType: hard

"wrappy@npm:1":
  version: 1.0.2
  resolution: "wrappy@npm:1.0.2"
  checksum: 10c0/56fece1a4018c6a6c8e28fbc88c87e0fbf4ea8fd64fc6c63b18f4acc4bd13e0ad2515189786dd2c30d3eec9663d70f4ecf699330002f8ccb547e4a18231fc9f0
  languageName: node
  linkType: hard
